// !$*UTF8*$!
{
	archiveVersion = 1;
	classes = {
	};
	objectVersion = 46;
	objects = {

/* Begin PBXBuildFile section */
		F4B50ABA1D76BC4D00F907D6 /* LoginSDK.storyboard in Resources */ = {isa = PBXBuildFile; fileRef = F4B50AB91D76BC4D00F907D6 /* LoginSDK.storyboard */; };
/* End PBXBuildFile section */

/* Begin PBXFileReference section */
		F4B50AB01D76BB5300F907D6 /* CreateLoginSDKResourceBundle.bundle */ = {isa = PBXFileReference; explicitFileType = wrapper.cfbundle; includeInIndex = 0; path = CreateLoginSDKResourceBundle.bundle; sourceTree = BUILT_PRODUCTS_DIR; };
		F4B50AB31D76BB5300F907D6 /* Info.plist */ = {isa = PBXFileReference; lastKnownFileType = text.plist.xml; path = Info.plist; sourceTree = "<group>"; };
		F4B50AB91D76BC4D00F907D6 /* LoginSDK.storyboard */ = {isa = PBXFileReference; fileEncoding = 4; lastKnownFileType = file.storyboard; path = LoginSDK.storyboard; sourceTree = "<group>"; };
/* End PBXFileReference section */

/* Begin PBXFrameworksBuildPhase section */
		F4B50AAD1D76BB5300F907D6 /* Frameworks */ = {
			isa = PBXFrameworksBuildPhase;
			buildActionMask = 2147483647;
			files = (
			);
			runOnlyForDeploymentPostprocessing = 0;
		};
/* End PBXFrameworksBuildPhase section */

/* Begin PBXGroup section */
		F4B50AA71D76BB5300F907D6 = {
			isa = PBXGroup;
			children = (
				F4B50AB21D76BB5300F907D6 /* CreateLoginSDKResourceBundle */,
				F4B50AB11D76BB5300F907D6 /* Products */,
			);
			sourceTree = "<group>";
		};
		F4B50AB11D76BB5300F907D6 /* Products */ = {
			isa = PBXGroup;
			children = (
				F4B50AB01D76BB5300F907D6 /* CreateLoginSDKResourceBundle.bundle */,
			);
			name = Products;
			sourceTree = "<group>";
		};
		F4B50AB21D76BB5300F907D6 /* CreateLoginSDKResourceBundle */ = {
			isa = PBXGroup;
			children = (
				F4B50AB91D76BC4D00F907D6 /* LoginSDK.storyboard */,
				F4B50AB31D76BB5300F907D6 /* Info.plist */,
			);
			path = CreateLoginSDKResourceBundle;
			sourceTree = "<group>";
		};
/* End PBXGroup section */

/* Begin PBXNativeTarget section */
		F4B50AAF1D76BB5300F907D6 /* CreateLoginSDKResourceBundle */ = {
			isa = PBXNativeTarget;
			buildConfigurationList = F4B50AB61D76BB5300F907D6 /* Build configuration list for PBXNativeTarget "CreateLoginSDKResourceBundle" */;
			buildPhases = (
				F4B50AAC1D76BB5300F907D6 /* Sources */,
				F4B50AAD1D76BB5300F907D6 /* Frameworks */,
				F4B50AAE1D76BB5300F907D6 /* Resources */,
			);
			buildRules = (
			);
			dependencies = (
			);
			name = CreateLoginSDKResourceBundle;
			productName = CreateLoginSDKResourceBundle;
			productReference = F4B50AB01D76BB5300F907D6 /* CreateLoginSDKResourceBundle.bundle */;
			productType = "com.apple.product-type.bundle";
		};
/* End PBXNativeTarget section */

/* Begin PBXProject section */
		F4B50AA81D76BB5300F907D6 /* Project object */ = {
			isa = PBXProject;
			attributes = {
				LastUpgradeCheck = 0730;
				ORGANIZATIONNAME = ZeluLi;
				TargetAttributes = {
					F4B50AAF1D76BB5300F907D6 = {
						CreatedOnToolsVersion = 7.3.1;
					};
				};
			};
			buildConfigurationList = F4B50AAB1D76BB5300F907D6 /* Build configuration list for PBXProject "CreateLoginSDKResourceBundle" */;
			compatibilityVersion = "Xcode 3.2";
			developmentRegion = English;
			hasScannedForEncodings = 0;
			knownRegions = (
				en,
			);
			mainGroup = F4B50AA71D76BB5300F907D6;
			productRefGroup = F4B50AB11D76BB5300F907D6 /* Products */;
			projectDirPath = "";
			projectRoot = "";
			targets = (
				F4B50AAF1D76BB5300F907D6 /* CreateLoginSDKResourceBundle */,
			);
		};
/* End PBXProject section */

/* Begin PBXResourcesBuildPhase section */
		F4B50AAE1D76BB5300F907D6 /* Resources */ = {
			isa = PBXResourcesBuildPhase;
			buildActionMask = 2147483647;
			files = (
				F4B50ABA1D76BC4D00F907D6 /* LoginSDK.storyboard in Resources */,
			);
			runOnlyForDeploymentPostprocessing = 0;
		};
/* End PBXResourcesBuildPhase section */

/* Begin PBXSourcesBuildPhase section */
		F4B50AAC1D76BB5300F907D6 /* Sources */ = {
			isa = PBXSourcesBuildPhase;
			buildActionMask = 2147483647;
			files = (
			);
			runOnlyForDeploymentPostprocessing = 0;
		};
/* End PBXSourcesBuildPhase section */

/* Begin XCBuildConfiguration section */
		F4B50AB41D76BB5300F907D6 /* Debug */ = {
			isa = XCBuildConfiguration;
			buildSettings = {
				ALWAYS_SEARCH_USER_PATHS = NO;
				CLANG_ANALYZER_NONNULL = YES;
				CLANG_CXX_LANGUAGE_STANDARD = "gnu++0x";
				CLANG_CXX_LIBRARY = "libc++";
				CLANG_ENABLE_MODULES = YES;
				CLANG_ENABLE_OBJC_ARC = YES;
				CLANG_WARN_BOOL_CONVERSION = YES;
				CLANG_WARN_CONSTANT_CONVERSION = YES;
				CLANG_WARN_DIRECT_OBJC_ISA_USAGE = YES_ERROR;
				CLANG_WARN_EMPTY_BODY = YES;
				CLANG_WARN_ENUM_CONVERSION = YES;
				CLANG_WARN_INT_CONVERSION = YES;
				CLANG_WARN_OBJC_ROOT_CLASS = YES_ERROR;
				CLANG_WARN_UNREACHABLE_CODE = YES;
				CLANG_WARN__DUPLICATE_METHOD_MATCH = YES;
				CODE_SIGN_IDENTITY = "-";
				COPY_PHASE_STRIP = NO;
				DEBUG_INFORMATION_FORMAT = dwarf;
				ENABLE_STRICT_OBJC_MSGSEND = YES;
				ENABLE_TESTABILITY = YES;
				GCC_C_LANGUAGE_STANDARD = gnu99;
				GCC_DYNAMIC_NO_PIC = NO;
				GCC_NO_COMMON_BLOCKS = YES;
				GCC_OPTIMIZATION_LEVEL = 0;
				GCC_PREPROCESSOR_DEFINITIONS = (
					"DEBUG=1",
					"$(inherited)",
				);
				GCC_WARN_64_TO_32_BIT_CONVERSION = YES;
				GCC_WARN_ABOUT_RETURN_TYPE = YES_ERROR;
				GCC_WARN_UNDECLARED_SELECTOR = YES;
				GCC_WARN_UNINITIALIZED_AUTOS = YES_AGGRESSIVE;
				GCC_WARN_UNUSED_FUNCTION = YES;
				GCC_WARN_UNUSED_VARIABLE = YES;
				MACOSX_DEPLOYMENT_TARGET = 10.11;
				MTL_ENABLE_DEBUG_INFO = YES;
				ONLY_ACTIVE_ARCH = YES;
				SDKROOT = macosx;
			};
			name = Debug;
		};
		F4B50AB51D76BB5300F907D6 /* Release */ = {
			isa = XCBuildConfiguration;
			buildSettings = {
				ALWAYS_SEARCH_USER_PATHS = NO;
				CLANG_ANALYZER_NONNULL = YES;
				CLANG_CXX_LANGUAGE_STANDARD = "gnu++0x";
				CLANG_CXX_LIBRARY = "libc++";
				CLANG_ENABLE_MODULES = YES;
				CLANG_ENABLE_OBJC_ARC = YES;
				CLANG_WARN_BOOL_CONVERSION = YES;
				CLANG_WARN_CONSTANT_CONVERSION = YES;
				CLANG_WARN_DIRECT_OBJC_ISA_USAGE = YES_ERROR;
				CLANG_WARN_EMPTY_BODY = YES;
				CLANG_WARN_ENUM_CONVERSION = YES;
				CLANG_WARN_INT_CONVERSION = YES;
				CLANG_WARN_OBJC_ROOT_CLASS = YES_ERROR;
				CLANG_WARN_UNREACHABLE_CODE = YES;
				CLANG_WARN__DUPLICATE_METHOD_MATCH = YES;
				CODE_SIGN_IDENTITY = "-";
				COPY_PHASE_STRIP = NO;
				DEBUG_INFORMATION_FORMAT = "dwarf-with-dsym";
				ENABLE_NS_ASSERTIONS = NO;
				ENABLE_STRICT_OBJC_MSGSEND = YES;
				GCC_C_LANGUAGE_STANDARD = gnu99;
				GCC_NO_COMMON_BLOCKS = YES;
				GCC_WARN_64_TO_32_BIT_CONVERSION = YES;
				GCC_WARN_ABOUT_RETURN_TYPE = YES_ERROR;
				GCC_WARN_UNDECLARED_SELECTOR = YES;
				GCC_WARN_UNINITIALIZED_AUTOS = YES_AGGRESSIVE;
				GCC_WARN_UNUSED_FUNCTION = YES;
				GCC_WARN_UNUSED_VARIABLE = YES;
				MACOSX_DEPLOYMENT_TARGET = 10.11;
				MTL_ENABLE_DEBUG_INFO = NO;
				SDKROOT = macosx;
			};
			name = Release;
		};
		F4B50AB71D76BB5300F907D6 /* Debug */ = {
			isa = XCBuildConfiguration;
			buildSettings = {
				COMBINE_HIDPI_IMAGES = YES;
				INFOPLIST_FILE = CreateLoginSDKResourceBundle/Info.plist;
				INSTALL_PATH = "$(LOCAL_LIBRARY_DIR)/Bundles";
				IPHONEOS_DEPLOYMENT_TARGET = 8.0;
				PRODUCT_BUNDLE_IDENTIFIER = ZeluLi.CreateLoginSDKResourceBundle;
				PRODUCT_NAME = "$(TARGET_NAME)";
				SDKROOT = iphoneos;
				SKIP_INSTALL = YES;
				WRAPPER_EXTENSION = bundle;
			};
			name = Debug;
		};
		F4B50AB81D76BB5300F907D6 /* Release */ = {
			isa = XCBuildConfiguration;
			buildSettings = {
				COMBINE_HIDPI_IMAGES = YES;
				INFOPLIST_FILE = CreateLoginSDKResourceBundle/Info.plist;
				INSTALL_PATH = "$(LOCAL_LIBRARY_DIR)/Bundles";
				IPHONEOS_DEPLOYMENT_TARGET = 8.0;
				PRODUCT_BUNDLE_IDENTIFIER = ZeluLi.CreateLoginSDKResourceBundle;
				PRODUCT_NAME = "$(TARGET_NAME)";
				SDKROOT = iphoneos;
				SKIP_INSTALL = YES;
				WRAPPER_EXTENSION = bundle;
			};
			name = Release;
		};
/* End XCBuildConfiguration section */

/* Begin XCConfigurationList section */
		F4B50AAB1D76BB5300F907D6 /* Build configuration list for PBXProject "CreateLoginSDKResourceBundle" */ = {
			isa = XCConfigurationList;
			buildConfigurations = (
				F4B50AB41D76BB5300F907D6 /* Debug */,
				F4B50AB51D76BB5300F907D6 /* Release */,
			);
			defaultConfigurationIsVisible = 0;
			defaultConfigurationName = Release;
		};
		F4B50AB61D76BB5300F907D6 /* Build configuration list for PBXNativeTarget "CreateLoginSDKResourceBundle" */ = {
			isa = XCConfigurationList;
			buildConfigurations = (
				F4B50AB71D76BB5300F907D6 /* Debug */,
				F4B50AB81D76BB5300F907D6 /* Release */,
			);
			defaultConfigurationIsVisible = 0;
		};
/* End XCConfigurationList section */
	};
	rootObject = F4B50AA81D76BB5300F907D6 /* Project object */;
}
