// !$*UTF8*$!
{
	archiveVersion = 1;
	classes = {
	};
	objectVersion = 46;
	objects = {

/* Begin PBXBuildFile section */
		F4B50A631D766C4E00F907D6 /* main.m in Sources */ = {isa = PBXBuildFile; fileRef = F4B50A621D766C4E00F907D6 /* main.m */; };
		F4B50A661D766C4E00F907D6 /* AppDelegate.m in Sources */ = {isa = PBXBuildFile; fileRef = F4B50A651D766C4E00F907D6 /* AppDelegate.m */; };
		F4B50A6C1D766C4E00F907D6 /* Main.storyboard in Resources */ = {isa = PBXBuildFile; fileRef = F4B50A6A1D766C4E00F907D6 /* Main.storyboard */; };
		F4B50A6E1D766C4E00F907D6 /* Assets.xcassets in Resources */ = {isa = PBXBuildFile; fileRef = F4B50A6D1D766C4E00F907D6 /* Assets.xcassets */; };
		F4B50A711D766C4E00F907D6 /* LaunchScreen.storyboard in Resources */ = {isa = PBXBuildFile; fileRef = F4B50A6F1D766C4E00F907D6 /* LaunchScreen.storyboard */; };
		F4B50A991D766EE000F907D6 /* AESCrypt.m in Sources */ = {isa = PBXBuildFile; fileRef = F4B50A7B1D766EE000F907D6 /* AESCrypt.m */; };
		F4B50A9A1D766EE000F907D6 /* LGBase64.m in Sources */ = {isa = PBXBuildFile; fileRef = F4B50A7D1D766EE000F907D6 /* LGBase64.m */; };
		F4B50A9B1D766EE000F907D6 /* NSData+CommonCrypto.m in Sources */ = {isa = PBXBuildFile; fileRef = F4B50A7F1D766EE000F907D6 /* NSData+CommonCrypto.m */; };
		F4B50A9C1D766EE000F907D6 /* AccountManager.m in Sources */ = {isa = PBXBuildFile; fileRef = F4B50A821D766EE000F907D6 /* AccountManager.m */; };
		F4B50A9D1D766EE000F907D6 /* KeyChainManager.m in Sources */ = {isa = PBXBuildFile; fileRef = F4B50A841D766EE000F907D6 /* KeyChainManager.m */; };
		F4B50A9E1D766EE000F907D6 /* LoginSDK.storyboard in Resources */ = {isa = PBXBuildFile; fileRef = F4B50A891D766EE000F907D6 /* LoginSDK.storyboard */; };
		F4B50A9F1D766EE000F907D6 /* VerifyTools.m in Sources */ = {isa = PBXBuildFile; fileRef = F4B50A8C1D766EE000F907D6 /* VerifyTools.m */; };
		F4B50AA01D766EE000F907D6 /* LoginAPI.m in Sources */ = {isa = PBXBuildFile; fileRef = F4B50A8F1D766EE000F907D6 /* LoginAPI.m */; };
		F4B50AA11D766EE000F907D6 /* LoginViewController.m in Sources */ = {isa = PBXBuildFile; fileRef = F4B50A931D766EE000F907D6 /* LoginViewController.m */; };
		F4B50AA31D766EE000F907D6 /* GuidViewController.m in Sources */ = {isa = PBXBuildFile; fileRef = F4B50A981D766EE000F907D6 /* GuidViewController.m */; };
		F4B50AA61D7678F300F907D6 /* MainViewController.m in Sources */ = {isa = PBXBuildFile; fileRef = F4B50AA51D7678F300F907D6 /* MainViewController.m */; };
		F4B50B3C1D76C96800F907D6 /* LoginSDKResource.bundle in Resources */ = {isa = PBXBuildFile; fileRef = F4B50B3B1D76C96800F907D6 /* LoginSDKResource.bundle */; };
/* End PBXBuildFile section */

/* Begin PBXFileReference section */
		F4B50A5E1D766C4E00F907D6 /* AccountManagerSDKResource.app */ = {isa = PBXFileReference; explicitFileType = wrapper.application; includeInIndex = 0; path = AccountManagerSDKResource.app; sourceTree = BUILT_PRODUCTS_DIR; };
		F4B50A621D766C4E00F907D6 /* main.m */ = {isa = PBXFileReference; lastKnownFileType = sourcecode.c.objc; path = main.m; sourceTree = "<group>"; };
		F4B50A641D766C4E00F907D6 /* AppDelegate.h */ = {isa = PBXFileReference; lastKnownFileType = sourcecode.c.h; path = AppDelegate.h; sourceTree = "<group>"; };
		F4B50A651D766C4E00F907D6 /* AppDelegate.m */ = {isa = PBXFileReference; lastKnownFileType = sourcecode.c.objc; path = AppDelegate.m; sourceTree = "<group>"; };
		F4B50A6B1D766C4E00F907D6 /* Base */ = {isa = PBXFileReference; lastKnownFileType = file.storyboard; name = Base; path = Base.lproj/Main.storyboard; sourceTree = "<group>"; };
		F4B50A6D1D766C4E00F907D6 /* Assets.xcassets */ = {isa = PBXFileReference; lastKnownFileType = folder.assetcatalog; path = Assets.xcassets; sourceTree = "<group>"; };
		F4B50A701D766C4E00F907D6 /* Base */ = {isa = PBXFileReference; lastKnownFileType = file.storyboard; name = Base; path = Base.lproj/LaunchScreen.storyboard; sourceTree = "<group>"; };
		F4B50A721D766C4E00F907D6 /* Info.plist */ = {isa = PBXFileReference; lastKnownFileType = text.plist.xml; path = Info.plist; sourceTree = "<group>"; };
		F4B50A7A1D766EE000F907D6 /* AESCrypt.h */ = {isa = PBXFileReference; fileEncoding = 4; lastKnownFileType = sourcecode.c.h; path = AESCrypt.h; sourceTree = "<group>"; };
		F4B50A7B1D766EE000F907D6 /* AESCrypt.m */ = {isa = PBXFileReference; fileEncoding = 4; lastKnownFileType = sourcecode.c.objc; path = AESCrypt.m; sourceTree = "<group>"; };
		F4B50A7C1D766EE000F907D6 /* LGBase64.h */ = {isa = PBXFileReference; fileEncoding = 4; lastKnownFileType = sourcecode.c.h; path = LGBase64.h; sourceTree = "<group>"; };
		F4B50A7D1D766EE000F907D6 /* LGBase64.m */ = {isa = PBXFileReference; fileEncoding = 4; lastKnownFileType = sourcecode.c.objc; path = LGBase64.m; sourceTree = "<group>"; };
		F4B50A7E1D766EE000F907D6 /* NSData+CommonCrypto.h */ = {isa = PBXFileReference; fileEncoding = 4; lastKnownFileType = sourcecode.c.h; path = "NSData+CommonCrypto.h"; sourceTree = "<group>"; };
		F4B50A7F1D766EE000F907D6 /* NSData+CommonCrypto.m */ = {isa = PBXFileReference; fileEncoding = 4; lastKnownFileType = sourcecode.c.objc; path = "NSData+CommonCrypto.m"; sourceTree = "<group>"; };
		F4B50A811D766EE000F907D6 /* AccountManager.h */ = {isa = PBXFileReference; fileEncoding = 4; lastKnownFileType = sourcecode.c.h; path = AccountManager.h; sourceTree = "<group>"; };
		F4B50A821D766EE000F907D6 /* AccountManager.m */ = {isa = PBXFileReference; fileEncoding = 4; lastKnownFileType = sourcecode.c.objc; path = AccountManager.m; sourceTree = "<group>"; };
		F4B50A831D766EE000F907D6 /* KeyChainManager.h */ = {isa = PBXFileReference; fileEncoding = 4; lastKnownFileType = sourcecode.c.h; path = KeyChainManager.h; sourceTree = "<group>"; };
		F4B50A841D766EE000F907D6 /* KeyChainManager.m */ = {isa = PBXFileReference; fileEncoding = 4; lastKnownFileType = sourcecode.c.objc; path = KeyChainManager.m; sourceTree = "<group>"; };
		F4B50A851D766EE000F907D6 /* LoginManagerProtocal.h */ = {isa = PBXFileReference; fileEncoding = 4; lastKnownFileType = sourcecode.c.h; path = LoginManagerProtocal.h; sourceTree = "<group>"; };
		F4B50A891D766EE000F907D6 /* LoginSDK.storyboard */ = {isa = PBXFileReference; fileEncoding = 4; lastKnownFileType = file.storyboard; path = LoginSDK.storyboard; sourceTree = "<group>"; };
		F4B50A8B1D766EE000F907D6 /* VerifyTools.h */ = {isa = PBXFileReference; fileEncoding = 4; lastKnownFileType = sourcecode.c.h; path = VerifyTools.h; sourceTree = "<group>"; };
		F4B50A8C1D766EE000F907D6 /* VerifyTools.m */ = {isa = PBXFileReference; fileEncoding = 4; lastKnownFileType = sourcecode.c.objc; path = VerifyTools.m; sourceTree = "<group>"; };
		F4B50A8E1D766EE000F907D6 /* LoginAPI.h */ = {isa = PBXFileReference; fileEncoding = 4; lastKnownFileType = sourcecode.c.h; path = LoginAPI.h; sourceTree = "<group>"; };
		F4B50A8F1D766EE000F907D6 /* LoginAPI.m */ = {isa = PBXFileReference; fileEncoding = 4; lastKnownFileType = sourcecode.c.objc; path = LoginAPI.m; sourceTree = "<group>"; };
		F4B50A921D766EE000F907D6 /* LoginViewController.h */ = {isa = PBXFileReference; fileEncoding = 4; lastKnownFileType = sourcecode.c.h; path = LoginViewController.h; sourceTree = "<group>"; };
		F4B50A931D766EE000F907D6 /* LoginViewController.m */ = {isa = PBXFileReference; fileEncoding = 4; lastKnownFileType = sourcecode.c.objc; path = LoginViewController.m; sourceTree = "<group>"; };
		F4B50A951D766EE000F907D6 /* MyLoginTest.pch */ = {isa = PBXFileReference; fileEncoding = 4; lastKnownFileType = sourcecode.c.h; path = MyLoginTest.pch; sourceTree = "<group>"; };
		F4B50A971D766EE000F907D6 /* GuidViewController.h */ = {isa = PBXFileReference; fileEncoding = 4; lastKnownFileType = sourcecode.c.h; path = GuidViewController.h; sourceTree = "<group>"; };
		F4B50A981D766EE000F907D6 /* GuidViewController.m */ = {isa = PBXFileReference; fileEncoding = 4; lastKnownFileType = sourcecode.c.objc; path = GuidViewController.m; sourceTree = "<group>"; };
		F4B50AA41D7678F300F907D6 /* MainViewController.h */ = {isa = PBXFileReference; fileEncoding = 4; lastKnownFileType = sourcecode.c.h; path = MainViewController.h; sourceTree = "<group>"; };
		F4B50AA51D7678F300F907D6 /* MainViewController.m */ = {isa = PBXFileReference; fileEncoding = 4; lastKnownFileType = sourcecode.c.objc; path = MainViewController.m; sourceTree = "<group>"; };
		F4B50B3B1D76C96800F907D6 /* LoginSDKResource.bundle */ = {isa = PBXFileReference; lastKnownFileType = "wrapper.plug-in"; path = LoginSDKResource.bundle; sourceTree = "<group>"; };
/* End PBXFileReference section */

/* Begin PBXFrameworksBuildPhase section */
		F4B50A5B1D766C4D00F907D6 /* Frameworks */ = {
			isa = PBXFrameworksBuildPhase;
			buildActionMask = 2147483647;
			files = (
			);
			runOnlyForDeploymentPostprocessing = 0;
		};
/* End PBXFrameworksBuildPhase section */

/* Begin PBXGroup section */
		F4B50A551D766C4D00F907D6 = {
			isa = PBXGroup;
			children = (
				F4B50A601D766C4E00F907D6 /* AccountManagerSDKResource */,
				F4B50A5F1D766C4E00F907D6 /* Products */,
			);
			sourceTree = "<group>";
		};
		F4B50A5F1D766C4E00F907D6 /* Products */ = {
			isa = PBXGroup;
			children = (
				F4B50A5E1D766C4E00F907D6 /* AccountManagerSDKResource.app */,
			);
			name = Products;
			sourceTree = "<group>";
		};
		F4B50A601D766C4E00F907D6 /* AccountManagerSDKResource */ = {
			isa = PBXGroup;
			children = (
				F4B50A781D766EE000F907D6 /* LoginSDK */,
				F4B50A961D766EE000F907D6 /* ViewController */,
				F4B50A641D766C4E00F907D6 /* AppDelegate.h */,
				F4B50A651D766C4E00F907D6 /* AppDelegate.m */,
				F4B50A6A1D766C4E00F907D6 /* Main.storyboard */,
				F4B50A6D1D766C4E00F907D6 /* Assets.xcassets */,
				F4B50A6F1D766C4E00F907D6 /* LaunchScreen.storyboard */,
				F4B50A721D766C4E00F907D6 /* Info.plist */,
				F4B50A951D766EE000F907D6 /* MyLoginTest.pch */,
				F4B50A611D766C4E00F907D6 /* Supporting Files */,
			);
			path = AccountManagerSDKResource;
			sourceTree = "<group>";
		};
		F4B50A611D766C4E00F907D6 /* Supporting Files */ = {
			isa = PBXGroup;
			children = (
				F4B50A621D766C4E00F907D6 /* main.m */,
			);
			name = "Supporting Files";
			sourceTree = "<group>";
		};
		F4B50A781D766EE000F907D6 /* LoginSDK */ = {
			isa = PBXGroup;
			children = (
				F4B50B3B1D76C96800F907D6 /* LoginSDKResource.bundle */,
				F4B50A791D766EE000F907D6 /* LGEncrypt */,
				F4B50A801D766EE000F907D6 /* LGManager */,
				F4B50A861D766EE000F907D6 /* LGModel */,
				F4B50A871D766EE000F907D6 /* LGNetworkRequest */,
				F4B50A881D766EE000F907D6 /* LGResource */,
				F4B50A8A1D766EE000F907D6 /* LGTools */,
				F4B50A8D1D766EE000F907D6 /* LGUserInterFace */,
				F4B50A901D766EE000F907D6 /* LGViewController */,
			);
			path = LoginSDK;
			sourceTree = "<group>";
		};
		F4B50A791D766EE000F907D6 /* LGEncrypt */ = {
			isa = PBXGroup;
			children = (
				F4B50A7A1D766EE000F907D6 /* AESCrypt.h */,
				F4B50A7B1D766EE000F907D6 /* AESCrypt.m */,
				F4B50A7C1D766EE000F907D6 /* LGBase64.h */,
				F4B50A7D1D766EE000F907D6 /* LGBase64.m */,
				F4B50A7E1D766EE000F907D6 /* NSData+CommonCrypto.h */,
				F4B50A7F1D766EE000F907D6 /* NSData+CommonCrypto.m */,
			);
			path = LGEncrypt;
			sourceTree = "<group>";
		};
		F4B50A801D766EE000F907D6 /* LGManager */ = {
			isa = PBXGroup;
			children = (
				F4B50A811D766EE000F907D6 /* AccountManager.h */,
				F4B50A821D766EE000F907D6 /* AccountManager.m */,
				F4B50A831D766EE000F907D6 /* KeyChainManager.h */,
				F4B50A841D766EE000F907D6 /* KeyChainManager.m */,
				F4B50A851D766EE000F907D6 /* LoginManagerProtocal.h */,
			);
			path = LGManager;
			sourceTree = "<group>";
		};
		F4B50A861D766EE000F907D6 /* LGModel */ = {
			isa = PBXGroup;
			children = (
			);
			path = LGModel;
			sourceTree = "<group>";
		};
		F4B50A871D766EE000F907D6 /* LGNetworkRequest */ = {
			isa = PBXGroup;
			children = (
			);
			path = LGNetworkRequest;
			sourceTree = "<group>";
		};
		F4B50A881D766EE000F907D6 /* LGResource */ = {
			isa = PBXGroup;
			children = (
				F4B50A891D766EE000F907D6 /* LoginSDK.storyboard */,
			);
			path = LGResource;
			sourceTree = "<group>";
		};
		F4B50A8A1D766EE000F907D6 /* LGTools */ = {
			isa = PBXGroup;
			children = (
				F4B50A8B1D766EE000F907D6 /* VerifyTools.h */,
				F4B50A8C1D766EE000F907D6 /* VerifyTools.m */,
			);
			path = LGTools;
			sourceTree = "<group>";
		};
		F4B50A8D1D766EE000F907D6 /* LGUserInterFace */ = {
			isa = PBXGroup;
			children = (
				F4B50A8E1D766EE000F907D6 /* LoginAPI.h */,
				F4B50A8F1D766EE000F907D6 /* LoginAPI.m */,
			);
			path = LGUserInterFace;
			sourceTree = "<group>";
		};
		F4B50A901D766EE000F907D6 /* LGViewController */ = {
			isa = PBXGroup;
			children = (
				F4B50A911D766EE000F907D6 /* LoginViewController */,
			);
			path = LGViewController;
			sourceTree = "<group>";
		};
		F4B50A911D766EE000F907D6 /* LoginViewController */ = {
			isa = PBXGroup;
			children = (
				F4B50A921D766EE000F907D6 /* LoginViewController.h */,
				F4B50A931D766EE000F907D6 /* LoginViewController.m */,
			);
			path = LoginViewController;
			sourceTree = "<group>";
		};
		F4B50A961D766EE000F907D6 /* ViewController */ = {
			isa = PBXGroup;
			children = (
				F4B50A971D766EE000F907D6 /* GuidViewController.h */,
				F4B50A981D766EE000F907D6 /* GuidViewController.m */,
				F4B50AA41D7678F300F907D6 /* MainViewController.h */,
				F4B50AA51D7678F300F907D6 /* MainViewController.m */,
			);
			path = ViewController;
			sourceTree = "<group>";
		};
/* End PBXGroup section */

/* Begin PBXNativeTarget section */
		F4B50A5D1D766C4D00F907D6 /* AccountManagerSDKResource */ = {
			isa = PBXNativeTarget;
			buildConfigurationList = F4B50A751D766C4E00F907D6 /* Build configuration list for PBXNativeTarget "AccountManagerSDKResource" */;
			buildPhases = (
				F4B50A5A1D766C4D00F907D6 /* Sources */,
				F4B50A5B1D766C4D00F907D6 /* Frameworks */,
				F4B50A5C1D766C4D00F907D6 /* Resources */,
			);
			buildRules = (
			);
			dependencies = (
			);
			name = AccountManagerSDKResource;
			productName = AccountManagerSDKResource;
			productReference = F4B50A5E1D766C4E00F907D6 /* AccountManagerSDKResource.app */;
			productType = "com.apple.product-type.application";
		};
/* End PBXNativeTarget section */

/* Begin PBXProject section */
		F4B50A561D766C4D00F907D6 /* Project object */ = {
			isa = PBXProject;
			attributes = {
				LastUpgradeCheck = 0730;
				ORGANIZATIONNAME = ZeluLi;
				TargetAttributes = {
					F4B50A5D1D766C4D00F907D6 = {
						CreatedOnToolsVersion = 7.3.1;
					};
				};
			};
			buildConfigurationList = F4B50A591D766C4D00F907D6 /* Build configuration list for PBXProject "AccountManagerSDKResource" */;
			compatibilityVersion = "Xcode 3.2";
			developmentRegion = English;
			hasScannedForEncodings = 0;
			knownRegions = (
				en,
				Base,
			);
			mainGroup = F4B50A551D766C4D00F907D6;
			productRefGroup = F4B50A5F1D766C4E00F907D6 /* Products */;
			projectDirPath = "";
			projectRoot = "";
			targets = (
				F4B50A5D1D766C4D00F907D6 /* AccountManagerSDKResource */,
			);
		};
/* End PBXProject section */

/* Begin PBXResourcesBuildPhase section */
		F4B50A5C1D766C4D00F907D6 /* Resources */ = {
			isa = PBXResourcesBuildPhase;
			buildActionMask = 2147483647;
			files = (
				F4B50A711D766C4E00F907D6 /* LaunchScreen.storyboard in Resources */,
				F4B50A9E1D766EE000F907D6 /* LoginSDK.storyboard in Resources */,
				F4B50A6E1D766C4E00F907D6 /* Assets.xcassets in Resources */,
				F4B50B3C1D76C96800F907D6 /* LoginSDKResource.bundle in Resources */,
				F4B50A6C1D766C4E00F907D6 /* Main.storyboard in Resources */,
			);
			runOnlyForDeploymentPostprocessing = 0;
		};
/* End PBXResourcesBuildPhase section */

/* Begin PBXSourcesBuildPhase section */
		F4B50A5A1D766C4D00F907D6 /* Sources */ = {
			isa = PBXSourcesBuildPhase;
			buildActionMask = 2147483647;
			files = (
				F4B50A661D766C4E00F907D6 /* AppDelegate.m in Sources */,
				F4B50A991D766EE000F907D6 /* AESCrypt.m in Sources */,
				F4B50A9B1D766EE000F907D6 /* NSData+CommonCrypto.m in Sources */,
				F4B50A9A1D766EE000F907D6 /* LGBase64.m in Sources */,
				F4B50AA11D766EE000F907D6 /* LoginViewController.m in Sources */,
				F4B50AA31D766EE000F907D6 /* GuidViewController.m in Sources */,
				F4B50A9D1D766EE000F907D6 /* KeyChainManager.m in Sources */,
				F4B50AA61D7678F300F907D6 /* MainViewController.m in Sources */,
				F4B50A631D766C4E00F907D6 /* main.m in Sources */,
				F4B50A9F1D766EE000F907D6 /* VerifyTools.m in Sources */,
				F4B50A9C1D766EE000F907D6 /* AccountManager.m in Sources */,
				F4B50AA01D766EE000F907D6 /* LoginAPI.m in Sources */,
			);
			runOnlyForDeploymentPostprocessing = 0;
		};
/* End PBXSourcesBuildPhase section */

/* Begin PBXVariantGroup section */
		F4B50A6A1D766C4E00F907D6 /* Main.storyboard */ = {
			isa = PBXVariantGroup;
			children = (
				F4B50A6B1D766C4E00F907D6 /* Base */,
			);
			name = Main.storyboard;
			sourceTree = "<group>";
		};
		F4B50A6F1D766C4E00F907D6 /* LaunchScreen.storyboard */ = {
			isa = PBXVariantGroup;
			children = (
				F4B50A701D766C4E00F907D6 /* Base */,
			);
			name = LaunchScreen.storyboard;
			sourceTree = "<group>";
		};
/* End PBXVariantGroup section */

/* Begin XCBuildConfiguration section */
		F4B50A731D766C4E00F907D6 /* Debug */ = {
			isa = XCBuildConfiguration;
			buildSettings = {
				ALWAYS_SEARCH_USER_PATHS = NO;
				CLANG_ANALYZER_NONNULL = YES;
				CLANG_CXX_LANGUAGE_STANDARD = "gnu++0x";
				CLANG_CXX_LIBRARY = "libc++";
				CLANG_ENABLE_MODULES = YES;
				CLANG_ENABLE_OBJC_ARC = YES;
				CLANG_WARN_BOOL_CONVERSION = YES;
				CLANG_WARN_CONSTANT_CONVERSION = YES;
				CLANG_WARN_DIRECT_OBJC_ISA_USAGE = YES_ERROR;
				CLANG_WARN_EMPTY_BODY = YES;
				CLANG_WARN_ENUM_CONVERSION = YES;
				CLANG_WARN_INT_CONVERSION = YES;
				CLANG_WARN_OBJC_ROOT_CLASS = YES_ERROR;
				CLANG_WARN_UNREACHABLE_CODE = YES;
				CLANG_WARN__DUPLICATE_METHOD_MATCH = YES;
				"CODE_SIGN_IDENTITY[sdk=iphoneos*]" = "iPhone Developer";
				COPY_PHASE_STRIP = NO;
				DEBUG_INFORMATION_FORMAT = dwarf;
				ENABLE_STRICT_OBJC_MSGSEND = YES;
				ENABLE_TESTABILITY = YES;
				GCC_C_LANGUAGE_STANDARD = gnu99;
				GCC_DYNAMIC_NO_PIC = NO;
				GCC_NO_COMMON_BLOCKS = YES;
				GCC_OPTIMIZATION_LEVEL = 0;
				GCC_PREPROCESSOR_DEFINITIONS = (
					"DEBUG=1",
					"$(inherited)",
				);
				GCC_WARN_64_TO_32_BIT_CONVERSION = YES;
				GCC_WARN_ABOUT_RETURN_TYPE = YES_ERROR;
				GCC_WARN_UNDECLARED_SELECTOR = YES;
				GCC_WARN_UNINITIALIZED_AUTOS = YES_AGGRESSIVE;
				GCC_WARN_UNUSED_FUNCTION = YES;
				GCC_WARN_UNUSED_VARIABLE = YES;
				IPHONEOS_DEPLOYMENT_TARGET = 9.3;
				MTL_ENABLE_DEBUG_INFO = YES;
				ONLY_ACTIVE_ARCH = YES;
				SDKROOT = iphoneos;
			};
			name = Debug;
		};
		F4B50A741D766C4E00F907D6 /* Release */ = {
			isa = XCBuildConfiguration;
			buildSettings = {
				ALWAYS_SEARCH_USER_PATHS = NO;
				CLANG_ANALYZER_NONNULL = YES;
				CLANG_CXX_LANGUAGE_STANDARD = "gnu++0x";
				CLANG_CXX_LIBRARY = "libc++";
				CLANG_ENABLE_MODULES = YES;
				CLANG_ENABLE_OBJC_ARC = YES;
				CLANG_WARN_BOOL_CONVERSION = YES;
				CLANG_WARN_CONSTANT_CONVERSION = YES;
				CLANG_WARN_DIRECT_OBJC_ISA_USAGE = YES_ERROR;
				CLANG_WARN_EMPTY_BODY = YES;
				CLANG_WARN_ENUM_CONVERSION = YES;
				CLANG_WARN_INT_CONVERSION = YES;
				CLANG_WARN_OBJC_ROOT_CLASS = YES_ERROR;
				CLANG_WARN_UNREACHABLE_CODE = YES;
				CLANG_WARN__DUPLICATE_METHOD_MATCH = YES;
				"CODE_SIGN_IDENTITY[sdk=iphoneos*]" = "iPhone Developer";
				COPY_PHASE_STRIP = NO;
				DEBUG_INFORMATION_FORMAT = "dwarf-with-dsym";
				ENABLE_NS_ASSERTIONS = NO;
				ENABLE_STRICT_OBJC_MSGSEND = YES;
				GCC_C_LANGUAGE_STANDARD = gnu99;
				GCC_NO_COMMON_BLOCKS = YES;
				GCC_WARN_64_TO_32_BIT_CONVERSION = YES;
				GCC_WARN_ABOUT_RETURN_TYPE = YES_ERROR;
				GCC_WARN_UNDECLARED_SELECTOR = YES;
				GCC_WARN_UNINITIALIZED_AUTOS = YES_AGGRESSIVE;
				GCC_WARN_UNUSED_FUNCTION = YES;
				GCC_WARN_UNUSED_VARIABLE = YES;
				IPHONEOS_DEPLOYMENT_TARGET = 9.3;
				MTL_ENABLE_DEBUG_INFO = NO;
				SDKROOT = iphoneos;
				VALIDATE_PRODUCT = YES;
			};
			name = Release;
		};
		F4B50A761D766C4E00F907D6 /* Debug */ = {
			isa = XCBuildConfiguration;
			buildSettings = {
				ASSETCATALOG_COMPILER_APPICON_NAME = AppIcon;
				GCC_PRECOMPILE_PREFIX_HEADER = YES;
				GCC_PREFIX_HEADER = "$(SRCROOT)/AccountManagerSDKResource/MyLoginTest.pch";
				INFOPLIST_FILE = AccountManagerSDKResource/Info.plist;
				IPHONEOS_DEPLOYMENT_TARGET = 8.0;
				LD_RUNPATH_SEARCH_PATHS = "$(inherited) @executable_path/Frameworks";
				PRODUCT_BUNDLE_IDENTIFIER = ZeluLi.AccountManagerSDKResource;
				PRODUCT_NAME = "$(TARGET_NAME)";
			};
			name = Debug;
		};
		F4B50A771D766C4E00F907D6 /* Release */ = {
			isa = XCBuildConfiguration;
			buildSettings = {
				ASSETCATALOG_COMPILER_APPICON_NAME = AppIcon;
				GCC_PRECOMPILE_PREFIX_HEADER = YES;
				GCC_PREFIX_HEADER = "$(SRCROOT)/AccountManagerSDKResource/MyLoginTest.pch";
				INFOPLIST_FILE = AccountManagerSDKResource/Info.plist;
				IPHONEOS_DEPLOYMENT_TARGET = 8.0;
				LD_RUNPATH_SEARCH_PATHS = "$(inherited) @executable_path/Frameworks";
				PRODUCT_BUNDLE_IDENTIFIER = ZeluLi.AccountManagerSDKResource;
				PRODUCT_NAME = "$(TARGET_NAME)";
			};
			name = Release;
		};
/* End XCBuildConfiguration section */

/* Begin XCConfigurationList section */
		F4B50A591D766C4D00F907D6 /* Build configuration list for PBXProject "AccountManagerSDKResource" */ = {
			isa = XCConfigurationList;
			buildConfigurations = (
				F4B50A731D766C4E00F907D6 /* Debug */,
				F4B50A741D766C4E00F907D6 /* Release */,
			);
			defaultConfigurationIsVisible = 0;
			defaultConfigurationName = Release;
		};
		F4B50A751D766C4E00F907D6 /* Build configuration list for PBXNativeTarget "AccountManagerSDKResource" */ = {
			isa = XCConfigurationList;
			buildConfigurations = (
				F4B50A761D766C4E00F907D6 /* Debug */,
				F4B50A771D766C4E00F907D6 /* Release */,
			);
			defaultConfigurationIsVisible = 0;
		};
/* End XCConfigurationList section */
	};
	rootObject = F4B50A561D766C4D00F907D6 /* Project object */;
}
